
Microsoft Visual Studio Solution File, Format Version 12.00
# Visual Studio Version 17
VisualStudioVersion = 17.4.33205.214
MinimumVisualStudioVersion = 10.0.40219.1
Project("{FAE04EC0-301F-11D3-BF4B-00C04F79EFBC}") = "githubDemo", "githubDemo\githubDemo.csproj", "{77982F88-495E-448B-A5A6-0771CCE63C95}"
EndProject
Global
	GlobalSection(SolutionConfigurationPlatforms) = preSolution
		Debug|Any CPU = Debug|Any CPU
		Release|Any CPU = Release|Any CPU
	EndGlobalSection
	GlobalSection(ProjectConfigurationPlatforms) = postSolution
		{77982F88-495E-448B-A5A6-0771CCE63C95}.Debug|Any CPU.ActiveCfg = Debug|Any CPU
		{77982F88-495E-448B-A5A6-0771CCE63C95}.Debug|Any CPU.Build.0 = Debug|Any CPU
		{77982F88-495E-448B-A5A6-0771CCE63C95}.Release|Any CPU.ActiveCfg = Release|Any CPU
		{77982F88-495E-448B-A5A6-0771CCE63C95}.Release|Any CPU.Build.0 = Release|Any CPU
	EndGlobalSection
	GlobalSection(SolutionProperties) = preSolution
		HideSolutionNode = FALSE
	EndGlobalSection
	GlobalSection(ExtensibilityGlobals) = postSolution
		SolutionGuid = {D4782844-ED96-4F53-9865-B6D482496558}
	EndGlobalSection
EndGlobal
